PODS:
  - CountryKit (2.0.0)
  - InputMask (4.3.0)
  - iOSReusableExtensions (1.0.10):
    - InputMask (~> 4.0)
  - ReusableDataInput (1.0.7):
    - CountryKit
    - InputMask (~> 4.0)
    - iOSReusableExtensions
  - RxSwift (5.1.0)
  - SwiftLuhn (1.0.0)

DEPENDENCIES:
  - iOSReusableExtensions
  - ReusableDataInput
  - RxSwift
  - SwiftLuhn

SPEC REPOS:
  https://github.com/adviqo-GmbH/iOSPodSpecs.git:
    - iOSReusableExtensions
    - ReusableDataInput
  https://github.com/CocoaPods/Specs.git:
    - CountryKit
    - InputMask
    - RxSwift
    - SwiftLuhn

SPEC CHECKSUMS:
  CountryKit: 8886e12d87f11907c7c93e45229658b654e00df0
  InputMask: 3674235e12cc52e769b01b2f35d6bbc94cd059c7
  iOSReusableExtensions: 253770bf979b627ccb08bcf2be8f794e980c9a9b
  ReusableDataInput: bacc2e1e117c780574c8929475eee6ea6f082046
  RxSwift: ad5874f24bb0dbffd1e9bb8443604e3578796c7a
  SwiftLuhn: 20ec3fe2b00699f5b2867c0133236722b05b902d

PODFILE CHECKSUM: 2b98c4de9f14d4f67461cddb1829d14cea2effe8

COCOAPODS: 1.8.4
