PODS:
  - InputMask (4.3.0)
  - iOSReusableExtensions (1.0.10):
    - InputMask (~> 4.0)
  - ReusableDataInput (1.0.6):
    - InputMask (~> 4.0)
    - iOSReusableExtensions
  - RxSwift (5.0.1)
  - SwiftLuhn (1.0.0)

DEPENDENCIES:
  - iOSReusableExtensions (from `~/Documents/Libraries/iOSReusableExtensions`)
  - ReusableDataInput (from `~/Documents/Libraries/ReusableDataInput`)
  - RxSwift
  - SwiftLuhn

SPEC REPOS:
  https://github.com/CocoaPods/Specs.git:
    - InputMask
    - RxSwift
    - SwiftLuhn

EXTERNAL SOURCES:
  iOSReusableExtensions:
    :path: "~/Documents/Libraries/iOSReusableExtensions"
  ReusableDataInput:
    :path: "~/Documents/Libraries/ReusableDataInput"

SPEC CHECKSUMS:
  InputMask: 3674235e12cc52e769b01b2f35d6bbc94cd059c7
  iOSReusableExtensions: ee237a4e75ba18cd58928d5ccfccaf50911d0033
  ReusableDataInput: e82664f47ca9de6ec5efe95d22d59a984760cb99
  RxSwift: e2dc62b366a3adf6a0be44ba9f405efd4c94e0c4
  SwiftLuhn: 20ec3fe2b00699f5b2867c0133236722b05b902d

PODFILE CHECKSUM: 068b7183978fcb54e3c9465a6698f1ed6ffbee6f

COCOAPODS: 1.8.3
